Microsoft Visual Studio Solution File, Format Version 11.00
# Visual Studio 2008

Project("{470F3B8A-C284-9E69-25CD-771C0EB3C8EE}") = "Hangry Borbs", "Assembly-CSharp.csproj", "{AB12467F-08C3-5121-E551-E318C50525CD}"
EndProject
Global
	GlobalSection(SolutionConfigurationPlatforms) = preSolution
		Debug|Any CPU = Debug|Any CPU
		Release|Any CPU = Release|Any CPU
	EndGlobalSection
	GlobalSection(ProjectConfigurationPlatforms) = postSolution
		{AB12467F-08C3-5121-E551-E318C50525CD}.Debug|Any CPU.ActiveCfg = Debug|Any CPU
		{AB12467F-08C3-5121-E551-E318C50525CD}.Debug|Any CPU.Build.0 = Debug|Any CPU
		{AB12467F-08C3-5121-E551-E318C50525CD}.Release|Any CPU.ActiveCfg = Release|Any CPU
		{AB12467F-08C3-5121-E551-E318C50525CD}.Release|Any CPU.Build.0 = Release|Any CPU
	EndGlobalSection
	GlobalSection(SolutionProperties) = preSolution
		HideSolutionNode = FALSE
	EndGlobalSection
	GlobalSection(MonoDevelopProperties) = preSolution
		StartupItem = Assembly-CSharp.csproj
	EndGlobalSection
EndGlobal
